
Microsoft Visual Studio Solution File, Format Version 12.00
# Visual Studio 14
VisualStudioVersion = 14.0.24720.0
MinimumVisualStudioVersion = 10.0.40219.1
Project("{FAE04EC0-301F-11D3-BF4B-00C04F79EFBC}") = "Entidades", "ent\Entidades.csproj", "{C2A60430-50BC-4F31-9E6A-A23E9734D310}"
EndProject
Project("{FAE04EC0-301F-11D3-BF4B-00C04F79EFBC}") = "Negocio", "Negocio\Negocio.csproj", "{949EC51D-0734-452D-8829-5E88043368FD}"
EndProject
Project("{FAE04EC0-301F-11D3-BF4B-00C04F79EFBC}") = "WindowsClinica", "WindowsClinica\WindowsClinica.csproj", "{97FF4117-E359-4699-9419-452B4B0EED0F}"
EndProject
Global
	GlobalSection(SolutionConfigurationPlatforms) = preSolution
		Debug|Any CPU = Debug|Any CPU
		Release|Any CPU = Release|Any CPU
	EndGlobalSection
	GlobalSection(ProjectConfigurationPlatforms) = postSolution
		{C2A60430-50BC-4F31-9E6A-A23E9734D310}.Debug|Any CPU.ActiveCfg = Debug|Any CPU
		{C2A60430-50BC-4F31-9E6A-A23E9734D310}.Debug|Any CPU.Build.0 = Debug|Any CPU
		{C2A60430-50BC-4F31-9E6A-A23E9734D310}.Release|Any CPU.ActiveCfg = Release|Any CPU
		{C2A60430-50BC-4F31-9E6A-A23E9734D310}.Release|Any CPU.Build.0 = Release|Any CPU
		{949EC51D-0734-452D-8829-5E88043368FD}.Debug|Any CPU.ActiveCfg = Debug|Any CPU
		{949EC51D-0734-452D-8829-5E88043368FD}.Debug|Any CPU.Build.0 = Debug|Any CPU
		{949EC51D-0734-452D-8829-5E88043368FD}.Release|Any CPU.ActiveCfg = Release|Any CPU
		{949EC51D-0734-452D-8829-5E88043368FD}.Release|Any CPU.Build.0 = Release|Any CPU
		{97FF4117-E359-4699-9419-452B4B0EED0F}.Debug|Any CPU.ActiveCfg = Debug|Any CPU
		{97FF4117-E359-4699-9419-452B4B0EED0F}.Debug|Any CPU.Build.0 = Debug|Any CPU
		{97FF4117-E359-4699-9419-452B4B0EED0F}.Release|Any CPU.ActiveCfg = Release|Any CPU
		{97FF4117-E359-4699-9419-452B4B0EED0F}.Release|Any CPU.Build.0 = Release|Any CPU
	EndGlobalSection
	GlobalSection(SolutionProperties) = preSolution
		HideSolutionNode = FALSE
	EndGlobalSection
EndGlobal
