
Microsoft Visual Studio Solution File, Format Version 12.00
# Visual Studio 14
VisualStudioVersion = 14.0.24720.0
MinimumVisualStudioVersion = 10.0.40219.1
Project("{FAE04EC0-301F-11D3-BF4B-00C04F79EFBC}") = "WindowsApp", "WindowsApp\WindowsApp.csproj", "{0C7F5200-88CB-4AB5-8F9E-F6A8437A2D5E}"
EndProject
Project("{FAE04EC0-301F-11D3-BF4B-00C04F79EFBC}") = "Entidades", "Entidades\Entidades.csproj", "{BA530C7E-C93E-42A7-AD72-8675FFB04A42}"
EndProject
Project("{FAE04EC0-301F-11D3-BF4B-00C04F79EFBC}") = "Negocio", "Negocio\Negocio.csproj", "{F64240EB-6FD9-4E67-88DE-9CB4BFD4FF6C}"
EndProject
Global
	GlobalSection(SolutionConfigurationPlatforms) = preSolution
		Debug|Any CPU = Debug|Any CPU
		Release|Any CPU = Release|Any CPU
	EndGlobalSection
	GlobalSection(ProjectConfigurationPlatforms) = postSolution
		{0C7F5200-88CB-4AB5-8F9E-F6A8437A2D5E}.Debug|Any CPU.ActiveCfg = Debug|Any CPU
		{0C7F5200-88CB-4AB5-8F9E-F6A8437A2D5E}.Debug|Any CPU.Build.0 = Debug|Any CPU
		{0C7F5200-88CB-4AB5-8F9E-F6A8437A2D5E}.Release|Any CPU.ActiveCfg = Release|Any CPU
		{0C7F5200-88CB-4AB5-8F9E-F6A8437A2D5E}.Release|Any CPU.Build.0 = Release|Any CPU
		{BA530C7E-C93E-42A7-AD72-8675FFB04A42}.Debug|Any CPU.ActiveCfg = Debug|Any CPU
		{BA530C7E-C93E-42A7-AD72-8675FFB04A42}.Debug|Any CPU.Build.0 = Debug|Any CPU
		{BA530C7E-C93E-42A7-AD72-8675FFB04A42}.Release|Any CPU.ActiveCfg = Release|Any CPU
		{BA530C7E-C93E-42A7-AD72-8675FFB04A42}.Release|Any CPU.Build.0 = Release|Any CPU
		{F64240EB-6FD9-4E67-88DE-9CB4BFD4FF6C}.Debug|Any CPU.ActiveCfg = Debug|Any CPU
		{F64240EB-6FD9-4E67-88DE-9CB4BFD4FF6C}.Debug|Any CPU.Build.0 = Debug|Any CPU
		{F64240EB-6FD9-4E67-88DE-9CB4BFD4FF6C}.Release|Any CPU.ActiveCfg = Release|Any CPU
		{F64240EB-6FD9-4E67-88DE-9CB4BFD4FF6C}.Release|Any CPU.Build.0 = Release|Any CPU
	EndGlobalSection
	GlobalSection(SolutionProperties) = preSolution
		HideSolutionNode = FALSE
	EndGlobalSection
EndGlobal
