
Microsoft Visual Studio Solution File, Format Version 12.00
# Visual Studio 14
VisualStudioVersion = 14.0.24720.0
MinimumVisualStudioVersion = 10.0.40219.1
Project("{FAE04EC0-301F-11D3-BF4B-00C04F79EFBC}") = "LibSeguridad", "LibSeguridad\LibSeguridad.csproj", "{14A1E9C5-A5D1-4F17-9F12-4B83B960AE4E}"
EndProject
Project("{FAE04EC0-301F-11D3-BF4B-00C04F79EFBC}") = "LibUtilitarios", "ClassLibrary1\LibUtilitarios.csproj", "{4ED4D4B9-478C-4EBF-BB6D-001734864F03}"
EndProject
Project("{FAE04EC0-301F-11D3-BF4B-00C04F79EFBC}") = "WindowsApp", "WindowsApp\WindowsApp.csproj", "{350C5658-3E14-47BF-BDE8-4E57DADBA35D}"
EndProject
Project("{FAE04EC0-301F-11D3-BF4B-00C04F79EFBC}") = "WindowsAppColecciones", "WindowsAppColecciones\WindowsAppColecciones.csproj", "{54ED9128-EDAA-479F-B74F-8EFAEB345B45}"
EndProject
Project("{FAE04EC0-301F-11D3-BF4B-00C04F79EFBC}") = "WindowsAgencia", "WindowsAgencia\WindowsAgencia.csproj", "{8E001CE3-C923-4952-906A-FF7C24EE3FDF}"
EndProject
Project("{FAE04EC0-301F-11D3-BF4B-00C04F79EFBC}") = "DemoRealacionContencion", "DemoRealacionContencion\DemoRealacionContencion.csproj", "{C9357D75-2672-4DDA-A140-E165D63BA75B}"
EndProject
Project("{FAE04EC0-301F-11D3-BF4B-00C04F79EFBC}") = "LibDemoStatic", "LibDemoStatic\LibDemoStatic.csproj", "{193D07BD-AF6A-4710-B884-C79E629B3632}"
EndProject
Project("{FAE04EC0-301F-11D3-BF4B-00C04F79EFBC}") = "WindowsAppDemoStatic", "WindowsAppDemoStatic\WindowsAppDemoStatic.csproj", "{8223CEDE-2C5C-4AA5-A3B3-80B6AF6115C8}"
EndProject
Project("{FAE04EC0-301F-11D3-BF4B-00C04F79EFBC}") = "TestTemperatureConverter", "TestTemperatureConverter\TestTemperatureConverter.csproj", "{63E54AD4-94F8-4783-9B36-996EC87B110C}"
EndProject
Global
	GlobalSection(SolutionConfigurationPlatforms) = preSolution
		Debug|Any CPU = Debug|Any CPU
		Release|Any CPU = Release|Any CPU
	EndGlobalSection
	GlobalSection(ProjectConfigurationPlatforms) = postSolution
		{14A1E9C5-A5D1-4F17-9F12-4B83B960AE4E}.Debug|Any CPU.ActiveCfg = Debug|Any CPU
		{14A1E9C5-A5D1-4F17-9F12-4B83B960AE4E}.Debug|Any CPU.Build.0 = Debug|Any CPU
		{14A1E9C5-A5D1-4F17-9F12-4B83B960AE4E}.Release|Any CPU.ActiveCfg = Release|Any CPU
		{14A1E9C5-A5D1-4F17-9F12-4B83B960AE4E}.Release|Any CPU.Build.0 = Release|Any CPU
		{4ED4D4B9-478C-4EBF-BB6D-001734864F03}.Debug|Any CPU.ActiveCfg = Debug|Any CPU
		{4ED4D4B9-478C-4EBF-BB6D-001734864F03}.Debug|Any CPU.Build.0 = Debug|Any CPU
		{4ED4D4B9-478C-4EBF-BB6D-001734864F03}.Release|Any CPU.ActiveCfg = Release|Any CPU
		{4ED4D4B9-478C-4EBF-BB6D-001734864F03}.Release|Any CPU.Build.0 = Release|Any CPU
		{350C5658-3E14-47BF-BDE8-4E57DADBA35D}.Debug|Any CPU.ActiveCfg = Debug|Any CPU
		{350C5658-3E14-47BF-BDE8-4E57DADBA35D}.Debug|Any CPU.Build.0 = Debug|Any CPU
		{350C5658-3E14-47BF-BDE8-4E57DADBA35D}.Release|Any CPU.ActiveCfg = Release|Any CPU
		{350C5658-3E14-47BF-BDE8-4E57DADBA35D}.Release|Any CPU.Build.0 = Release|Any CPU
		{54ED9128-EDAA-479F-B74F-8EFAEB345B45}.Debug|Any CPU.ActiveCfg = Debug|Any CPU
		{54ED9128-EDAA-479F-B74F-8EFAEB345B45}.Debug|Any CPU.Build.0 = Debug|Any CPU
		{54ED9128-EDAA-479F-B74F-8EFAEB345B45}.Release|Any CPU.ActiveCfg = Release|Any CPU
		{54ED9128-EDAA-479F-B74F-8EFAEB345B45}.Release|Any CPU.Build.0 = Release|Any CPU
		{8E001CE3-C923-4952-906A-FF7C24EE3FDF}.Debug|Any CPU.ActiveCfg = Debug|Any CPU
		{8E001CE3-C923-4952-906A-FF7C24EE3FDF}.Debug|Any CPU.Build.0 = Debug|Any CPU
		{8E001CE3-C923-4952-906A-FF7C24EE3FDF}.Release|Any CPU.ActiveCfg = Release|Any CPU
		{8E001CE3-C923-4952-906A-FF7C24EE3FDF}.Release|Any CPU.Build.0 = Release|Any CPU
		{C9357D75-2672-4DDA-A140-E165D63BA75B}.Debug|Any CPU.ActiveCfg = Debug|Any CPU
		{C9357D75-2672-4DDA-A140-E165D63BA75B}.Debug|Any CPU.Build.0 = Debug|Any CPU
		{C9357D75-2672-4DDA-A140-E165D63BA75B}.Release|Any CPU.ActiveCfg = Release|Any CPU
		{C9357D75-2672-4DDA-A140-E165D63BA75B}.Release|Any CPU.Build.0 = Release|Any CPU
		{193D07BD-AF6A-4710-B884-C79E629B3632}.Debug|Any CPU.ActiveCfg = Debug|Any CPU
		{193D07BD-AF6A-4710-B884-C79E629B3632}.Debug|Any CPU.Build.0 = Debug|Any CPU
		{193D07BD-AF6A-4710-B884-C79E629B3632}.Release|Any CPU.ActiveCfg = Release|Any CPU
		{193D07BD-AF6A-4710-B884-C79E629B3632}.Release|Any CPU.Build.0 = Release|Any CPU
		{8223CEDE-2C5C-4AA5-A3B3-80B6AF6115C8}.Debug|Any CPU.ActiveCfg = Debug|Any CPU
		{8223CEDE-2C5C-4AA5-A3B3-80B6AF6115C8}.Debug|Any CPU.Build.0 = Debug|Any CPU
		{8223CEDE-2C5C-4AA5-A3B3-80B6AF6115C8}.Release|Any CPU.ActiveCfg = Release|Any CPU
		{8223CEDE-2C5C-4AA5-A3B3-80B6AF6115C8}.Release|Any CPU.Build.0 = Release|Any CPU
		{63E54AD4-94F8-4783-9B36-996EC87B110C}.Debug|Any CPU.ActiveCfg = Debug|Any CPU
		{63E54AD4-94F8-4783-9B36-996EC87B110C}.Debug|Any CPU.Build.0 = Debug|Any CPU
		{63E54AD4-94F8-4783-9B36-996EC87B110C}.Release|Any CPU.ActiveCfg = Release|Any CPU
		{63E54AD4-94F8-4783-9B36-996EC87B110C}.Release|Any CPU.Build.0 = Release|Any CPU
	EndGlobalSection
	GlobalSection(SolutionProperties) = preSolution
		HideSolutionNode = FALSE
	EndGlobalSection
EndGlobal
